
Microsoft Visual Studio Solution File, Format Version 12.00
# Visual Studio Version 16
VisualStudioVersion = 16.0.31129.286
MinimumVisualStudioVersion = 10.0.40219.1
Project("{FAE04EC0-301F-11D3-BF4B-00C04F79EFBC}") = "PROYECTOSIIX", "PROYECTOSIIX.csproj", "{4FCF276C-6EF3-48DB-8AA6-B75A5A3BB5C7}"
EndProject
Global
	GlobalSection(SolutionConfigurationPlatforms) = preSolution
		Debug|Any CPU = Debug|Any CPU
		Release|Any CPU = Release|Any CPU
	EndGlobalSection
	GlobalSection(ProjectConfigurationPlatforms) = postSolution
		{4FCF276C-6EF3-48DB-8AA6-B75A5A3BB5C7}.Debug|Any CPU.ActiveCfg = Debug|Any CPU
		{4FCF276C-6EF3-48DB-8AA6-B75A5A3BB5C7}.Debug|Any CPU.Build.0 = Debug|Any CPU
		{4FCF276C-6EF3-48DB-8AA6-B75A5A3BB5C7}.Release|Any CPU.ActiveCfg = Release|Any CPU
		{4FCF276C-6EF3-48DB-8AA6-B75A5A3BB5C7}.Release|Any CPU.Build.0 = Release|Any CPU
	EndGlobalSection
	GlobalSection(SolutionProperties) = preSolution
		HideSolutionNode = FALSE
	EndGlobalSection
	GlobalSection(ExtensibilityGlobals) = postSolution
		SolutionGuid = {8B2456FB-F61A-4E95-9F64-4E929E09639F}
	EndGlobalSection
EndGlobal
